version = 1
revision = 2
requires-python = ">=3.13"

[[package]]
name = "cfgv"
version = "3.4.0"
source = { registry = "https://pypi.org/simple" }
sdist = { url = "https://files.pythonhosted.org/packages/11/74/539e56497d9bd1d484fd863dd69cbbfa653cd2aa27abfe35653494d85e94/cfgv-3.4.0.tar.gz", hash = "sha256:e52591d4c5f5dead8e0f673fb16db7949d2cfb3f7da4582893288f0ded8fe560", size = 7114, upload-time = "2023-08-12T20:38:17.776Z" }
wheels = [
    { url = "https://files.pythonhosted.org/packages/c5/55/51844dd50c4fc7a33b653bfaba4c2456f06955289ca770a5dbd5fd267374/cfgv-3.4.0-py2.py3-none-any.whl", hash = "sha256:b7265b1f29fd3316bfcd2b330d63d024f2bfd8bcb8b0272f8e19a504856c48f9", size = 7249, upload-time = "2023-08-12T20:38:16.269Z" },
]

[[package]]
name = "distlib"
version = "0.3.9"
source = { registry = "https://pypi.org/simple" }
sdist = { url = "https://files.pythonhosted.org/packages/0d/dd/1bec4c5ddb504ca60fc29472f3d27e8d4da1257a854e1d96742f15c1d02d/distlib-0.3.9.tar.gz", hash = "sha256:a60f20dea646b8a33f3e7772f74dc0b2d0772d2837ee1342a00645c81edf9403", size = 613923, upload-time = "2024-10-09T18:35:47.551Z" }
wheels = [
    { url = "https://files.pythonhosted.org/packages/91/a1/cf2472db20f7ce4a6be1253a81cfdf85ad9c7885ffbed7047fb72c24cf87/distlib-0.3.9-py2.py3-none-any.whl", hash = "sha256:47f8c22fd27c27e25a65601af709b38e4f0a45ea4fc2e710f65755fa8caaaf87", size = 468973, upload-time = "2024-10-09T18:35:44.272Z" },
]

[[package]]
name = "filelock"
version = "3.17.0"
source = { registry = "https://pypi.org/simple" }
sdist = { url = "https://files.pythonhosted.org/packages/dc/9c/0b15fb47b464e1b663b1acd1253a062aa5feecb07d4e597daea542ebd2b5/filelock-3.17.0.tar.gz", hash = "sha256:ee4e77401ef576ebb38cd7f13b9b28893194acc20a8e68e18730ba9c0e54660e", size = 18027, upload-time = "2025-01-21T20:04:49.099Z" }
wheels = [
    { url = "https://files.pythonhosted.org/packages/89/ec/00d68c4ddfedfe64159999e5f8a98fb8442729a63e2077eb9dcd89623d27/filelock-3.17.0-py3-none-any.whl", hash = "sha256:533dc2f7ba78dc2f0f531fc6c4940addf7b70a481e269a5a3b93be94ffbe8338", size = 16164, upload-time = "2025-01-21T20:04:47.734Z" },
]

[[package]]
name = "identify"
version = "2.6.6"
source = { registry = "https://pypi.org/simple" }
sdist = { url = "https://files.pythonhosted.org/packages/82/bf/c68c46601bacd4c6fb4dd751a42b6e7087240eaabc6487f2ef7a48e0e8fc/identify-2.6.6.tar.gz", hash = "sha256:7bec12768ed44ea4761efb47806f0a41f86e7c0a5fdf5950d4648c90eca7e251", size = 99217, upload-time = "2025-01-20T20:38:02.989Z" }
wheels = [
    { url = "https://files.pythonhosted.org/packages/74/a1/68a395c17eeefb04917034bd0a1bfa765e7654fa150cca473d669aa3afb5/identify-2.6.6-py2.py3-none-any.whl", hash = "sha256:cbd1810bce79f8b671ecb20f53ee0ae8e86ae84b557de31d89709dc2a48ba881", size = 99083, upload-time = "2025-01-20T20:38:00.261Z" },
]

[[package]]
name = "nodeenv"
version = "1.9.1"
source = { registry = "https://pypi.org/simple" }
sdist = { url = "https://files.pythonhosted.org/packages/43/16/fc88b08840de0e0a72a2f9d8c6bae36be573e475a6326ae854bcc549fc45/nodeenv-1.9.1.tar.gz", hash = "sha256:6ec12890a2dab7946721edbfbcd91f3319c6ccc9aec47be7c7e6b7011ee6645f", size = 47437, upload-time = "2024-06-04T18:44:11.171Z" }
wheels = [
    { url = "https://files.pythonhosted.org/packages/d2/1d/1b658dbd2b9fa9c4c9f32accbfc0205d532c8c6194dc0f2a4c0428e7128a/nodeenv-1.9.1-py2.py3-none-any.whl", hash = "sha256:ba11c9782d29c27c70ffbdda2d7415098754709be8a7056d79a737cd901155c9", size = 22314, upload-time = "2024-06-04T18:44:08.352Z" },
]

[[package]]
name = "platformdirs"
version = "4.3.6"
source = { registry = "https://pypi.org/simple" }
sdist = { url = "https://files.pythonhosted.org/packages/13/fc/128cc9cb8f03208bdbf93d3aa862e16d376844a14f9a0ce5cf4507372de4/platformdirs-4.3.6.tar.gz", hash = "sha256:357fb2acbc885b0419afd3ce3ed34564c13c9b95c89360cd9563f73aa5e2b907", size = 21302, upload-time = "2024-09-17T19:06:50.688Z" }
wheels = [
    { url = "https://files.pythonhosted.org/packages/3c/a6/bc1012356d8ece4d66dd75c4b9fc6c1f6650ddd5991e421177d9f8f671be/platformdirs-4.3.6-py3-none-any.whl", hash = "sha256:73e575e1408ab8103900836b97580d5307456908a03e92031bab39e4554cc3fb", size = 18439, upload-time = "2024-09-17T19:06:49.212Z" },
]

[[package]]
name = "pre-commit"
version = "4.1.0"
source = { registry = "https://pypi.org/simple" }
dependencies = [
    { name = "cfgv" },
    { name = "identify" },
    { name = "nodeenv" },
    { name = "pyyaml" },
    { name = "virtualenv" },
]
sdist = { url = "https://files.pythonhosted.org/packages/2a/13/b62d075317d8686071eb843f0bb1f195eb332f48869d3c31a4c6f1e063ac/pre_commit-4.1.0.tar.gz", hash = "sha256:ae3f018575a588e30dfddfab9a05448bfbd6b73d78709617b5a2b853549716d4", size = 193330, upload-time = "2025-01-20T18:31:48.681Z" }
wheels = [
    { url = "https://files.pythonhosted.org/packages/43/b3/df14c580d82b9627d173ceea305ba898dca135feb360b6d84019d0803d3b/pre_commit-4.1.0-py2.py3-none-any.whl", hash = "sha256:d29e7cb346295bcc1cc75fc3e92e343495e3ea0196c9ec6ba53f49f10ab6ae7b", size = 220560, upload-time = "2025-01-20T18:31:47.319Z" },
]

[[package]]
name = "pyyaml"
version = "6.0.2"
source = { registry = "https://pypi.org/simple" }
sdist = { url = "https://files.pythonhosted.org/packages/54/ed/79a089b6be93607fa5cdaedf301d7dfb23af5f25c398d5ead2525b063e17/pyyaml-6.0.2.tar.gz", hash = "sha256:d584d9ec91ad65861cc08d42e834324ef890a082e591037abe114850ff7bbc3e", size = 130631, upload-time = "2024-08-06T20:33:50.674Z" }
wheels = [
    { url = "https://files.pythonhosted.org/packages/ef/e3/3af305b830494fa85d95f6d95ef7fa73f2ee1cc8ef5b495c7c3269fb835f/PyYAML-6.0.2-cp313-cp313-macosx_10_13_x86_64.whl", hash = "sha256:efdca5630322a10774e8e98e1af481aad470dd62c3170801852d752aa7a783ba", size = 181309, upload-time = "2024-08-06T20:32:43.4Z" },
    { url = "https://files.pythonhosted.org/packages/45/9f/3b1c20a0b7a3200524eb0076cc027a970d320bd3a6592873c85c92a08731/PyYAML-6.0.2-cp313-cp313-macosx_11_0_arm64.whl", hash = "sha256:50187695423ffe49e2deacb8cd10510bc361faac997de9efef88badc3bb9e2d1", size = 171679, upload-time = "2024-08-06T20:32:44.801Z" },
    { url = "https://files.pythonhosted.org/packages/7c/9a/337322f27005c33bcb656c655fa78325b730324c78620e8328ae28b64d0c/PyYAML-6.0.2-cp313-cp313-manylinux_2_17_aarch64.manylinux2014_aarch64.whl", hash = "sha256:0ffe8360bab4910ef1b9e87fb812d8bc0a308b0d0eef8c8f44e0254ab3b07133", size = 733428, upload-time = "2024-08-06T20:32:46.432Z" },
    { url = "https://files.pythonhosted.org/packages/a3/69/864fbe19e6c18ea3cc196cbe5d392175b4cf3d5d0ac1403ec3f2d237ebb5/PyYAML-6.0.2-cp313-cp313-manylinux_2_17_s390x.manylinux2014_s390x.whl", hash = "sha256:17e311b6c678207928d649faa7cb0d7b4c26a0ba73d41e99c4fff6b6c3276484", size = 763361, upload-time = "2024-08-06T20:32:51.188Z" },
    { url = "https://files.pythonhosted.org/packages/04/24/b7721e4845c2f162d26f50521b825fb061bc0a5afcf9a386840f23ea19fa/PyYAML-6.0.2-cp313-cp313-manylinux_2_17_x86_64.manylinux2014_x86_64.whl", hash = "sha256:70b189594dbe54f75ab3a1acec5f1e3faa7e8cf2f1e08d9b561cb41b845f69d5", size = 759523, upload-time = "2024-08-06T20:32:53.019Z" },
    { url = "https://files.pythonhosted.org/packages/2b/b2/e3234f59ba06559c6ff63c4e10baea10e5e7df868092bf9ab40e5b9c56b6/PyYAML-6.0.2-cp313-cp313-musllinux_1_1_aarch64.whl", hash = "sha256:41e4e3953a79407c794916fa277a82531dd93aad34e29c2a514c2c0c5fe971cc", size = 726660, upload-time = "2024-08-06T20:32:54.708Z" },
    { url = "https://files.pythonhosted.org/packages/fe/0f/25911a9f080464c59fab9027482f822b86bf0608957a5fcc6eaac85aa515/PyYAML-6.0.2-cp313-cp313-musllinux_1_1_x86_64.whl", hash = "sha256:68ccc6023a3400877818152ad9a1033e3db8625d899c72eacb5a668902e4d652", size = 751597, upload-time = "2024-08-06T20:32:56.985Z" },
    { url = "https://files.pythonhosted.org/packages/14/0d/e2c3b43bbce3cf6bd97c840b46088a3031085179e596d4929729d8d68270/PyYAML-6.0.2-cp313-cp313-win32.whl", hash = "sha256:bc2fa7c6b47d6bc618dd7fb02ef6fdedb1090ec036abab80d4681424b84c1183", size = 140527, upload-time = "2024-08-06T20:33:03.001Z" },
    { url = "https://files.pythonhosted.org/packages/fa/de/02b54f42487e3d3c6efb3f89428677074ca7bf43aae402517bc7cca949f3/PyYAML-6.0.2-cp313-cp313-win_amd64.whl", hash = "sha256:8388ee1976c416731879ac16da0aff3f63b286ffdd57cdeb95f3f2e085687563", size = 156446, upload-time = "2024-08-06T20:33:04.33Z" },
]

[[package]]
name = "ruff"
version = "0.9.4"
source = { registry = "https://pypi.org/simple" }
sdist = { url = "https://files.pythonhosted.org/packages/c0/17/529e78f49fc6f8076f50d985edd9a2cf011d1dbadb1cdeacc1d12afc1d26/ruff-0.9.4.tar.gz", hash = "sha256:6907ee3529244bb0ed066683e075f09285b38dd5b4039370df6ff06041ca19e7", size = 3599458, upload-time = "2025-01-30T18:09:51.03Z" }
wheels = [
    { url = "https://files.pythonhosted.org/packages/b6/f8/3fafb7804d82e0699a122101b5bee5f0d6e17c3a806dcbc527bb7d3f5b7a/ruff-0.9.4-py3-none-linux_armv6l.whl", hash = "sha256:64e73d25b954f71ff100bb70f39f1ee09e880728efb4250c632ceed4e4cdf706", size = 11668400, upload-time = "2025-01-30T18:08:46.508Z" },
    { url = "https://files.pythonhosted.org/packages/2e/a6/2efa772d335da48a70ab2c6bb41a096c8517ca43c086ea672d51079e3d1f/ruff-0.9.4-py3-none-macosx_10_12_x86_64.whl", hash = "sha256:6ce6743ed64d9afab4fafeaea70d3631b4d4b28b592db21a5c2d1f0ef52934bf", size = 11628395, upload-time = "2025-01-30T18:08:50.87Z" },
    { url = "https://files.pythonhosted.org/packages/dc/d7/cd822437561082f1c9d7225cc0d0fbb4bad117ad7ac3c41cd5d7f0fa948c/ruff-0.9.4-py3-none-macosx_11_0_arm64.whl", hash = "sha256:54499fb08408e32b57360f6f9de7157a5fec24ad79cb3f42ef2c3f3f728dfe2b", size = 11090052, upload-time = "2025-01-30T18:08:54.498Z" },
    { url = "https://files.pythonhosted.org/packages/9e/67/3660d58e893d470abb9a13f679223368ff1684a4ef40f254a0157f51b448/ruff-0.9.4-py3-none-manylinux_2_17_aarch64.manylinux2014_aarch64.whl", hash = "sha256:37c892540108314a6f01f105040b5106aeb829fa5fb0561d2dcaf71485021137", size = 11882221, upload-time = "2025-01-30T18:08:57.784Z" },
    { url = "https://files.pythonhosted.org/packages/79/d1/757559995c8ba5f14dfec4459ef2dd3fcea82ac43bc4e7c7bf47484180c0/ruff-0.9.4-py3-none-manylinux_2_17_armv7l.manylinux2014_armv7l.whl", hash = "sha256:de9edf2ce4b9ddf43fd93e20ef635a900e25f622f87ed6e3047a664d0e8f810e", size = 11424862, upload-time = "2025-01-30T18:09:01.167Z" },
    { url = "https://files.pythonhosted.org/packages/c0/96/7915a7c6877bb734caa6a2af424045baf6419f685632469643dbd8eb2958/ruff-0.9.4-py3-none-manylinux_2_17_i686.manylinux2014_i686.whl", hash = "sha256:87c90c32357c74f11deb7fbb065126d91771b207bf9bfaaee01277ca59b574ec", size = 12626735, upload-time = "2025-01-30T18:09:05.312Z" },
    { url = "https://files.pythonhosted.org/packages/0e/cc/dadb9b35473d7cb17c7ffe4737b4377aeec519a446ee8514123ff4a26091/ruff-0.9.4-py3-none-manylinux_2_17_ppc64.manylinux2014_ppc64.whl", hash = "sha256:56acd6c694da3695a7461cc55775f3a409c3815ac467279dfa126061d84b314b", size = 13255976, upload-time = "2025-01-30T18:09:09.425Z" },
    { url = "https://files.pythonhosted.org/packages/5f/c3/ad2dd59d3cabbc12df308cced780f9c14367f0321e7800ca0fe52849da4c/ruff-0.9.4-py3-none-manylinux_2_17_ppc64le.manylinux2014_ppc64le.whl", hash = "sha256:e0c93e7d47ed951b9394cf352d6695b31498e68fd5782d6cbc282425655f687a", size = 12752262, upload-time = "2025-01-30T18:09:13.112Z" },
    { url = "https://files.pythonhosted.org/packages/c7/17/5f1971e54bd71604da6788efd84d66d789362b1105e17e5ccc53bba0289b/ruff-0.9.4-py3-none-manylinux_2_17_s390x.manylinux2014_s390x.whl", hash = "sha256:1d4c8772670aecf037d1bf7a07c39106574d143b26cfe5ed1787d2f31e800214", size = 14401648, upload-time = "2025-01-30T18:09:17.086Z" },
    { url = "https://files.pythonhosted.org/packages/30/24/6200b13ea611b83260501b6955b764bb320e23b2b75884c60ee7d3f0b68e/ruff-0.9.4-py3-none-manylinux_2_17_x86_64.manylinux2014_x86_64.whl", hash = "sha256:bfc5f1d7afeda8d5d37660eeca6d389b142d7f2b5a1ab659d9214ebd0e025231", size = 12414702, upload-time = "2025-01-30T18:09:21.672Z" },
    { url = "https://files.pythonhosted.org/packages/34/cb/f5d50d0c4ecdcc7670e348bd0b11878154bc4617f3fdd1e8ad5297c0d0ba/ruff-0.9.4-py3-none-musllinux_1_2_aarch64.whl", hash = "sha256:faa935fc00ae854d8b638c16a5f1ce881bc3f67446957dd6f2af440a5fc8526b", size = 11859608, upload-time = "2025-01-30T18:09:25.663Z" },
    { url = "https://files.pythonhosted.org/packages/d6/f4/9c8499ae8426da48363bbb78d081b817b0f64a9305f9b7f87eab2a8fb2c1/ruff-0.9.4-py3-none-musllinux_1_2_armv7l.whl", hash = "sha256:a6c634fc6f5a0ceae1ab3e13c58183978185d131a29c425e4eaa9f40afe1e6d6", size = 11485702, upload-time = "2025-01-30T18:09:28.903Z" },
    { url = "https://files.pythonhosted.org/packages/18/59/30490e483e804ccaa8147dd78c52e44ff96e1c30b5a95d69a63163cdb15b/ruff-0.9.4-py3-none-musllinux_1_2_i686.whl", hash = "sha256:433dedf6ddfdec7f1ac7575ec1eb9844fa60c4c8c2f8887a070672b8d353d34c", size = 12067782, upload-time = "2025-01-30T18:09:32.371Z" },
    { url = "https://files.pythonhosted.org/packages/3d/8c/893fa9551760b2f8eb2a351b603e96f15af167ceaf27e27ad873570bc04c/ruff-0.9.4-py3-none-musllinux_1_2_x86_64.whl", hash = "sha256:d612dbd0f3a919a8cc1d12037168bfa536862066808960e0cc901404b77968f0", size = 12483087, upload-time = "2025-01-30T18:09:36.124Z" },
    { url = "https://files.pythonhosted.org/packages/23/15/f6751c07c21ca10e3f4a51ea495ca975ad936d780c347d9808bcedbd7182/ruff-0.9.4-py3-none-win32.whl", hash = "sha256:db1192ddda2200671f9ef61d9597fcef89d934f5d1705e571a93a67fb13a4402", size = 9852302, upload-time = "2025-01-30T18:09:40.013Z" },
    { url = "https://files.pythonhosted.org/packages/12/41/2d2d2c6a72e62566f730e49254f602dfed23019c33b5b21ea8f8917315a1/ruff-0.9.4-py3-none-win_amd64.whl", hash = "sha256:05bebf4cdbe3ef75430d26c375773978950bbf4ee3c95ccb5448940dc092408e", size = 10850051, upload-time = "2025-01-30T18:09:43.42Z" },
    { url = "https://files.pythonhosted.org/packages/c6/e6/3d6ec3bc3d254e7f005c543a661a41c3e788976d0e52a1ada195bd664344/ruff-0.9.4-py3-none-win_arm64.whl", hash = "sha256:585792f1e81509e38ac5123492f8875fbc36f3ede8185af0a26df348e5154f41", size = 10078251, upload-time = "2025-01-30T18:09:48.01Z" },
]

[[package]]
name = "shell-repo"
version = "0.1.0"
source = { editable = "." }

[package.dev-dependencies]
dev = [
    { name = "pre-commit" },
    { name = "ruff" },
    { name = "ty" },
]

[package.metadata]

[package.metadata.requires-dev]
dev = [
    { name = "pre-commit", specifier = ">=4.1.0" },
    { name = "ruff", specifier = ">=0.9.4" },
    { name = "ty", specifier = ">=0.0.1a20" },
]

[[package]]
name = "ty"
version = "0.0.1a20"
source = { registry = "https://pypi.org/simple" }
sdist = { url = "https://files.pythonhosted.org/packages/7a/82/a5e3b4bc5280ec49c4b0b43d0ff727d58c7df128752c9c6f97ad0b5f575f/ty-0.0.1a20.tar.gz", hash = "sha256:933b65a152f277aa0e23ba9027e5df2c2cc09e18293e87f2a918658634db5f15", size = 4194773, upload-time = "2025-09-03T12:35:46.775Z" }
wheels = [
    { url = "https://files.pythonhosted.org/packages/45/c8/f7d39392043d5c04936f6cad90e50eb661965ed092ca4bfc01db917d7b8a/ty-0.0.1a20-py3-none-linux_armv6l.whl", hash = "sha256:f73a7aca1f0d38af4d6999b375eb00553f3bfcba102ae976756cc142e14f3450", size = 8443599, upload-time = "2025-09-03T12:35:04.289Z" },
    { url = "https://files.pythonhosted.org/packages/1e/57/5aec78f9b8a677b7439ccded7d66c3361e61247e0f6b14e659b00dd01008/ty-0.0.1a20-py3-none-macosx_10_12_x86_64.whl", hash = "sha256:cad12c857ea4b97bf61e02f6796e13061ccca5e41f054cbd657862d80aa43bae", size = 8618102, upload-time = "2025-09-03T12:35:07.448Z" },
    { url = "https://files.pythonhosted.org/packages/15/20/50c9107d93cdb55676473d9dc4e2339af6af606660c9428d3b86a1b2a476/ty-0.0.1a20-py3-none-macosx_11_0_arm64.whl", hash = "sha256:f153b65c7fcb6b8b59547ddb6353761b3e8d8bb6f0edd15e3e3ac14405949f7a", size = 8192167, upload-time = "2025-09-03T12:35:09.706Z" },
    { url = "https://files.pythonhosted.org/packages/85/28/018b2f330109cee19e81c5ca9df3dc29f06c5778440eb9af05d4550c4302/ty-0.0.1a20-py3-none-manylinux_2_17_aarch64.manylinux2014_aarch64.whl", hash = "sha256:b8c4336987a6a781d4392a9fd7b3a39edb7e4f3dd4f860e03f46c932b52aefa2", size = 8349256, upload-time = "2025-09-03T12:35:11.76Z" },
    { url = "https://files.pythonhosted.org/packages/cd/c9/2f8797a05587158f52b142278796ffd72c893bc5ad41840fce5aeb65c6f2/ty-0.0.1a20-py3-none-manylinux_2_17_armv7l.manylinux2014_armv7l.whl", hash = "sha256:3ff75cd4c744d09914e8c9db8d99e02f82c9379ad56b0a3fc4c5c9c923cfa84e", size = 8271214, upload-time = "2025-09-03T12:35:13.741Z" },
    { url = "https://files.pythonhosted.org/packages/30/d4/2cac5e5eb9ee51941358cb3139aadadb59520cfaec94e4fcd2b166969748/ty-0.0.1a20-py3-none-manylinux_2_17_i686.manylinux2014_i686.whl", hash = "sha256:e26437772be7f7808868701f2bf9e14e706a6ec4c7d02dbd377ff94d7ba60c11", size = 9264939, upload-time = "2025-09-03T12:35:16.896Z" },
    { url = "https://files.pythonhosted.org/packages/93/96/a6f2b54e484b2c6a5488f217882237dbdf10f0fdbdb6cd31333d57afe494/ty-0.0.1a20-py3-none-manylinux_2_17_ppc64.manylinux2014_ppc64.whl", hash = "sha256:83a7ee12465841619b5eb3ca962ffc7d576bb1c1ac812638681aee241acbfbbe", size = 9743137, upload-time = "2025-09-03T12:35:19.799Z" },
    { url = "https://files.pythonhosted.org/packages/6e/67/95b40dcbec3d222f3af5fe5dd1ce066d42f8a25a2f70d5724490457048e7/ty-0.0.1a20-py3-none-manylinux_2_17_ppc64le.manylinux2014_ppc64le.whl", hash = "sha256:726d0738be4459ac7ffae312ba96c5f486d6cbc082723f322555d7cba9397871", size = 9368153, upload-time = "2025-09-03T12:35:22.569Z" },
    { url = "https://files.pythonhosted.org/packages/2c/24/689fa4c4270b9ef9a53dc2b1d6ffade259ba2c4127e451f0629e130ea46a/ty-0.0.1a20-py3-none-manylinux_2_17_s390x.manylinux2014_s390x.whl", hash = "sha256:0b481f26513f38543df514189fb16744690bcba8d23afee95a01927d93b46e36", size = 9099637, upload-time = "2025-09-03T12:35:24.94Z" },
    { url = "https://files.pythonhosted.org/packages/a1/5b/913011cbf3ea4030097fb3c4ce751856114c9e1a5e1075561a4c5242af9b/ty-0.0.1a20-py3-none-manylinux_2_17_x86_64.manylinux2014_x86_64.whl", hash = "sha256:7abbe3c02218c12228b1d7c5f98c57240029cc3bcb15b6997b707c19be3908c1", size = 8952000, upload-time = "2025-09-03T12:35:27.288Z" },
    { url = "https://files.pythonhosted.org/packages/df/f9/f5ba2ae455b20c5bb003f9940ef8142a8c4ed9e27de16e8f7472013609db/ty-0.0.1a20-py3-none-musllinux_1_2_aarch64.whl", hash = "sha256:fff51c75ee3f7cc6d7722f2f15789ef8ffe6fd2af70e7269ac785763c906688e", size = 8217938, upload-time = "2025-09-03T12:35:29.54Z" },
    { url = "https://files.pythonhosted.org/packages/eb/62/17002cf9032f0981cdb8c898d02422c095c30eefd69ca62a8b705d15bd0f/ty-0.0.1a20-py3-none-musllinux_1_2_armv7l.whl", hash = "sha256:b4124ab75e0e6f09fe7bc9df4a77ee43c5e0ef7e61b0c149d7c089d971437cbd", size = 8292369, upload-time = "2025-09-03T12:35:31.748Z" },
    { url = "https://files.pythonhosted.org/packages/28/d6/0879b1fb66afe1d01d45c7658f3849aa641ac4ea10679404094f3b40053e/ty-0.0.1a20-py3-none-musllinux_1_2_i686.whl", hash = "sha256:8a138fa4f74e6ed34e9fd14652d132409700c7ff57682c2fed656109ebfba42f", size = 8811973, upload-time = "2025-09-03T12:35:33.997Z" },
    { url = "https://files.pythonhosted.org/packages/60/1e/70bf0348cfe8ba5f7532983f53c508c293ddf5fa9f942ed79a3c4d576df3/ty-0.0.1a20-py3-none-musllinux_1_2_x86_64.whl", hash = "sha256:8eff8871d6b88d150e2a67beba2c57048f20c090c219f38ed02eebaada04c124", size = 9010990, upload-time = "2025-09-03T12:35:36.766Z" },
    { url = "https://files.pythonhosted.org/packages/b7/ca/03d85c7650359247b1ca3f38a0d869a608ef540450151920e7014ed58292/ty-0.0.1a20-py3-none-win32.whl", hash = "sha256:3c2ace3a22fab4bd79f84c74e3dab26e798bfba7006bea4008d6321c1bd6efc6", size = 8100746, upload-time = "2025-09-03T12:35:40.007Z" },
    { url = "https://files.pythonhosted.org/packages/94/53/7a1937b8c7a66d0c8ed7493de49ed454a850396fe137d2ae12ed247e0b2f/ty-0.0.1a20-py3-none-win_amd64.whl", hash = "sha256:f41e77ff118da3385915e13c3f366b3a2f823461de54abd2e0ca72b170ba0f19", size = 8748861, upload-time = "2025-09-03T12:35:42.175Z" },
    { url = "https://files.pythonhosted.org/packages/27/36/5a3a70c5d497d3332f9e63cabc9c6f13484783b832fecc393f4f1c0c4aa8/ty-0.0.1a20-py3-none-win_arm64.whl", hash = "sha256:d8ac1c5a14cda5fad1a8b53959d9a5d979fe16ce1cc2785ea8676fed143ac85f", size = 8269906, upload-time = "2025-09-03T12:35:45.045Z" },
]

[[package]]
name = "virtualenv"
version = "20.29.1"
source = { registry = "https://pypi.org/simple" }
dependencies = [
    { name = "distlib" },
    { name = "filelock" },
    { name = "platformdirs" },
]
sdist = { url = "https://files.pythonhosted.org/packages/a7/ca/f23dcb02e161a9bba141b1c08aa50e8da6ea25e6d780528f1d385a3efe25/virtualenv-20.29.1.tar.gz", hash = "sha256:b8b8970138d32fb606192cb97f6cd4bb644fa486be9308fb9b63f81091b5dc35", size = 7658028, upload-time = "2025-01-17T17:32:23.085Z" }
wheels = [
    { url = "https://files.pythonhosted.org/packages/89/9b/599bcfc7064fbe5740919e78c5df18e5dceb0887e676256a1061bb5ae232/virtualenv-20.29.1-py3-none-any.whl", hash = "sha256:4e4cb403c0b0da39e13b46b1b2476e505cb0046b25f242bee80f62bf990b2779", size = 4282379, upload-time = "2025-01-17T17:32:19.864Z" },
]
